// !$*UTF8*$!
{
	archiveVersion = 1;
	classes = {
	};
	objectVersion = 46;
	objects = {

/* Begin PBXBuildFile section */
		351088061CC127BB00176DDE /* CMessageDB.mm in Sources */ = {isa = PBXBuildFile; fileRef = 351088041CC127BB00176DDE /* CMessageDB.mm */; };
		351088071CC127BB00176DDE /* CMessageMgr.mm in Sources */ = {isa = PBXBuildFile; fileRef = 351088051CC127BB00176DDE /* CMessageMgr.mm */; };
		3510880A1CC14D0A00176DDE /* ClickStreamMgr.mm in Sources */ = {isa = PBXBuildFile; fileRef = 351088091CC14D0A00176DDE /* ClickStreamMgr.mm */; };
		35B4E29F1CBF801800029275 /* Foundation.framework in Frameworks */ = {isa = PBXBuildFile; fileRef = 35B4E29E1CBF801800029275 /* Foundation.framework */; };
		35B4E2AA1CBF801800029275 /* wxtweak.mm in Sources */ = {isa = PBXBuildFile; fileRef = 35B4E2A91CBF801800029275 /* wxtweak.mm */; };
		35B4E2B51CBF83A300029275 /* libsubstrate.dylib in Frameworks */ = {isa = PBXBuildFile; fileRef = 35B4E2B41CBF83A300029275 /* libsubstrate.dylib */; };
		35BDFAFB1CC2071700FC0C87 /* CMessageDB.mm in Sources */ = {isa = PBXBuildFile; fileRef = 35BDFAFA1CC2071700FC0C87 /* CMessageDB.mm */; };
		35BDFAFD1CC2071D00FC0C87 /* CMessageMgr.mm in Sources */ = {isa = PBXBuildFile; fileRef = 35BDFAFC1CC2071D00FC0C87 /* CMessageMgr.mm */; };
		35BDFB001CC207DB00FC0C87 /* MMDumpReportMgr.mm in Sources */ = {isa = PBXBuildFile; fileRef = 35BDFAFF1CC207DB00FC0C87 /* MMDumpReportMgr.mm */; };
		35BDFB031CC2138200FC0C87 /* ClickStreamMgr.mm in Sources */ = {isa = PBXBuildFile; fileRef = 35BDFB021CC2138200FC0C87 /* ClickStreamMgr.mm */; };
		35BDFB061CC21B4300FC0C87 /* CUtility.mm in Sources */ = {isa = PBXBuildFile; fileRef = 35BDFB051CC21B4300FC0C87 /* CUtility.mm */; };
		35BDFB091CC22F4D00FC0C87 /* MMMonitorMgr.mm in Sources */ = {isa = PBXBuildFile; fileRef = 35BDFB081CC22F4D00FC0C87 /* MMMonitorMgr.mm */; };
		35BDFB0C1CC231DD00FC0C87 /* AppDataMgr.mm in Sources */ = {isa = PBXBuildFile; fileRef = 35BDFB0B1CC231DD00FC0C87 /* AppDataMgr.mm */; };
		35BDFB0F1CC2371A00FC0C87 /* GameStatMgr.mm in Sources */ = {isa = PBXBuildFile; fileRef = 35BDFB0E1CC2371A00FC0C87 /* GameStatMgr.mm */; };
		35BDFB121CC4D23C00FC0C87 /* DeviceInfo.mm in Sources */ = {isa = PBXBuildFile; fileRef = 35BDFB111CC4D23C00FC0C87 /* DeviceInfo.mm */; };
		35BDFB151CC4E0D100FC0C87 /* Q2DMapStatistics.mm in Sources */ = {isa = PBXBuildFile; fileRef = 35BDFB141CC4E0D100FC0C87 /* Q2DMapStatistics.mm */; };
		35BDFB1A1CC4E44100FC0C87 /* WCAppInfo.mm in Sources */ = {isa = PBXBuildFile; fileRef = 35BDFB191CC4E44100FC0C87 /* WCAppInfo.mm */; };
		35BDFB1D1CC4E4F400FC0C87 /* WCDeviceuserSportDevice.mm in Sources */ = {isa = PBXBuildFile; fileRef = 35BDFB1C1CC4E4F400FC0C87 /* WCDeviceuserSportDevice.mm */; };
		35C924A81CC0DE75006CE955 /* UIKit.framework in Frameworks */ = {isa = PBXBuildFile; fileRef = 35C924A71CC0DE75006CE955 /* UIKit.framework */; };
		35C956D51CC0F9F5006CE955 /* iConsole.mm in Sources */ = {isa = PBXBuildFile; fileRef = 35C956D41CC0F9F5006CE955 /* iConsole.mm */; };
/* End PBXBuildFile section */

/* Begin PBXFileReference section */
		351088041CC127BB00176DDE /* CMessageDB.mm */ = {isa = PBXFileReference; fileEncoding = 4; lastKnownFileType = sourcecode.cpp.objcpp; path = CMessageDB.mm; sourceTree = "<group>"; };
		351088051CC127BB00176DDE /* CMessageMgr.mm */ = {isa = PBXFileReference; fileEncoding = 4; lastKnownFileType = sourcecode.cpp.objcpp; path = CMessageMgr.mm; sourceTree = "<group>"; };
		351088081CC14BE500176DDE /* ClickStreamMgr.xm */ = {isa = PBXFileReference; fileEncoding = 4; lastKnownFileType = sourcecode.cpp.objcpp; path = ClickStreamMgr.xm; sourceTree = "<group>"; xcLanguageSpecificationIdentifier = xcode.lang.objcpp; };
		351088091CC14D0A00176DDE /* ClickStreamMgr.mm */ = {isa = PBXFileReference; fileEncoding = 4; lastKnownFileType = sourcecode.cpp.objcpp; path = ClickStreamMgr.mm; sourceTree = "<group>"; };
		35B4E29B1CBF801800029275 /* wxtweak.dylib */ = {isa = PBXFileReference; explicitFileType = "compiled.mach-o.dylib"; includeInIndex = 0; path = wxtweak.dylib; sourceTree = BUILT_PRODUCTS_DIR; };
		35B4E29E1CBF801800029275 /* Foundation.framework */ = {isa = PBXFileReference; lastKnownFileType = wrapper.framework; name = Foundation.framework; path = System/Library/Frameworks/Foundation.framework; sourceTree = SDKROOT; };
		35B4E2A31CBF801800029275 /* control.txt */ = {isa = PBXFileReference; lastKnownFileType = text; name = control.txt; path = Package/DEBIAN/control.txt; sourceTree = "<group>"; };
		35B4E2A41CBF801800029275 /* control */ = {isa = PBXFileReference; lastKnownFileType = text; name = control; path = Package/DEBIAN/control; sourceTree = "<group>"; };
		35B4E2A61CBF801800029275 /* PackageVersion.plist */ = {isa = PBXFileReference; lastKnownFileType = text.plist.xml; path = PackageVersion.plist; sourceTree = "<group>"; };
		35B4E2A71CBF801800029275 /* wxtweak-Prefix.pch */ = {isa = PBXFileReference; lastKnownFileType = sourcecode.c.h; path = "wxtweak-Prefix.pch"; sourceTree = "<group>"; };
		35B4E2A81CBF801800029275 /* wxtweak.xm */ = {isa = PBXFileReference; lastKnownFileType = sourcecode.cpp.objcpp; path = wxtweak.xm; sourceTree = "<group>"; xcLanguageSpecificationIdentifier = xcode.lang.objcpp; };
		35B4E2A91CBF801800029275 /* wxtweak.mm */ = {isa = PBXFileReference; lastKnownFileType = sourcecode.cpp.objcpp; path = wxtweak.mm; sourceTree = "<group>"; };
		35B4E2AE1CBF801800029275 /* wxtweak.plist */ = {isa = PBXFileReference; lastKnownFileType = text.plist.xml; name = wxtweak.plist; path = Package/Library/MobileSubstrate/DynamicLibraries/wxtweak.plist; sourceTree = "<group>"; };
		35B4E2B41CBF83A300029275 /* libsubstrate.dylib */ = {isa = PBXFileReference; lastKnownFileType = "compiled.mach-o.dylib"; name = libsubstrate.dylib; path = ../../../../opt/iOSOpenDev/lib/libsubstrate.dylib; sourceTree = "<group>"; };
		35BDFAFA1CC2071700FC0C87 /* CMessageDB.mm */ = {isa = PBXFileReference; fileEncoding = 4; lastKnownFileType = sourcecode.cpp.objcpp; path = CMessageDB.mm; sourceTree = "<group>"; };
		35BDFAFC1CC2071D00FC0C87 /* CMessageMgr.mm */ = {isa = PBXFileReference; fileEncoding = 4; lastKnownFileType = sourcecode.cpp.objcpp; path = CMessageMgr.mm; sourceTree = "<group>"; };
		35BDFAFE1CC2072D00FC0C87 /* MMDumpReportMgr.xm */ = {isa = PBXFileReference; fileEncoding = 4; lastKnownFileType = sourcecode.cpp.objcpp; path = MMDumpReportMgr.xm; sourceTree = "<group>"; xcLanguageSpecificationIdentifier = xcode.lang.objcpp; };
		35BDFAFF1CC207DB00FC0C87 /* MMDumpReportMgr.mm */ = {isa = PBXFileReference; fileEncoding = 4; lastKnownFileType = sourcecode.cpp.objcpp; path = MMDumpReportMgr.mm; sourceTree = "<group>"; };
		35BDFB011CC2129600FC0C87 /* ClickStreamMgr.xm */ = {isa = PBXFileReference; fileEncoding = 4; lastKnownFileType = sourcecode.cpp.objcpp; path = ClickStreamMgr.xm; sourceTree = "<group>"; xcLanguageSpecificationIdentifier = xcode.lang.objcpp; };
		35BDFB021CC2138200FC0C87 /* ClickStreamMgr.mm */ = {isa = PBXFileReference; fileEncoding = 4; lastKnownFileType = sourcecode.cpp.objcpp; path = ClickStreamMgr.mm; sourceTree = "<group>"; };
		35BDFB041CC21AF700FC0C87 /* CUtility.xm */ = {isa = PBXFileReference; fileEncoding = 4; lastKnownFileType = sourcecode.cpp.objcpp; path = CUtility.xm; sourceTree = "<group>"; xcLanguageSpecificationIdentifier = xcode.lang.objcpp; };
		35BDFB051CC21B4300FC0C87 /* CUtility.mm */ = {isa = PBXFileReference; fileEncoding = 4; lastKnownFileType = sourcecode.cpp.objcpp; path = CUtility.mm; sourceTree = "<group>"; };
		35BDFB071CC22E8B00FC0C87 /* MMMonitorMgr.xm */ = {isa = PBXFileReference; fileEncoding = 4; lastKnownFileType = sourcecode.cpp.objcpp; path = MMMonitorMgr.xm; sourceTree = "<group>"; xcLanguageSpecificationIdentifier = xcode.lang.objcpp; };
		35BDFB081CC22F4D00FC0C87 /* MMMonitorMgr.mm */ = {isa = PBXFileReference; fileEncoding = 4; lastKnownFileType = sourcecode.cpp.objcpp; path = MMMonitorMgr.mm; sourceTree = "<group>"; };
		35BDFB0A1CC2318100FC0C87 /* AppDataMgr.xm */ = {isa = PBXFileReference; fileEncoding = 4; lastKnownFileType = sourcecode.cpp.objcpp; path = AppDataMgr.xm; sourceTree = "<group>"; xcLanguageSpecificationIdentifier = xcode.lang.objcpp; };
		35BDFB0B1CC231DD00FC0C87 /* AppDataMgr.mm */ = {isa = PBXFileReference; fileEncoding = 4; lastKnownFileType = sourcecode.cpp.objcpp; path = AppDataMgr.mm; sourceTree = "<group>"; };
		35BDFB0D1CC236C000FC0C87 /* GameStatMgr.xm */ = {isa = PBXFileReference; fileEncoding = 4; lastKnownFileType = sourcecode.cpp.objcpp; path = GameStatMgr.xm; sourceTree = "<group>"; xcLanguageSpecificationIdentifier = xcode.lang.objcpp; };
		35BDFB0E1CC2371A00FC0C87 /* GameStatMgr.mm */ = {isa = PBXFileReference; fileEncoding = 4; lastKnownFileType = sourcecode.cpp.objcpp; path = GameStatMgr.mm; sourceTree = "<group>"; };
		35BDFB101CC4D1CB00FC0C87 /* DeviceInfo.xm */ = {isa = PBXFileReference; fileEncoding = 4; lastKnownFileType = sourcecode.cpp.objcpp; path = DeviceInfo.xm; sourceTree = "<group>"; xcLanguageSpecificationIdentifier = xcode.lang.objcpp; };
		35BDFB111CC4D23C00FC0C87 /* DeviceInfo.mm */ = {isa = PBXFileReference; fileEncoding = 4; lastKnownFileType = sourcecode.cpp.objcpp; path = DeviceInfo.mm; sourceTree = "<group>"; };
		35BDFB131CC4E09B00FC0C87 /* Q2DMapStatistics.xm */ = {isa = PBXFileReference; fileEncoding = 4; lastKnownFileType = sourcecode.cpp.objcpp; path = Q2DMapStatistics.xm; sourceTree = "<group>"; xcLanguageSpecificationIdentifier = xcode.lang.objcpp; };
		35BDFB141CC4E0D100FC0C87 /* Q2DMapStatistics.mm */ = {isa = PBXFileReference; fileEncoding = 4; lastKnownFileType = sourcecode.cpp.objcpp; path = Q2DMapStatistics.mm; sourceTree = "<group>"; };
		35BDFB161CC4E3F600FC0C87 /* WCAppInfo.xm */ = {isa = PBXFileReference; fileEncoding = 4; lastKnownFileType = sourcecode.cpp.objcpp; path = WCAppInfo.xm; sourceTree = "<group>"; xcLanguageSpecificationIdentifier = xcode.lang.objcpp; };
		35BDFB191CC4E44100FC0C87 /* WCAppInfo.mm */ = {isa = PBXFileReference; fileEncoding = 4; lastKnownFileType = sourcecode.cpp.objcpp; path = WCAppInfo.mm; sourceTree = "<group>"; };
		35BDFB1B1CC4E4BE00FC0C87 /* WCDeviceuserSportDevice.xm */ = {isa = PBXFileReference; fileEncoding = 4; lastKnownFileType = sourcecode.cpp.objcpp; path = WCDeviceuserSportDevice.xm; sourceTree = "<group>"; xcLanguageSpecificationIdentifier = xcode.lang.objcpp; };
		35BDFB1C1CC4E4F400FC0C87 /* WCDeviceuserSportDevice.mm */ = {isa = PBXFileReference; fileEncoding = 4; lastKnownFileType = sourcecode.cpp.objcpp; path = WCDeviceuserSportDevice.mm; sourceTree = "<group>"; };
		35C924A71CC0DE75006CE955 /* UIKit.framework */ = {isa = PBXFileReference; lastKnownFileType = wrapper.framework; name = UIKit.framework; path = System/Library/Frameworks/UIKit.framework; sourceTree = SDKROOT; };
		35C924AA1CC0EDCA006CE955 /* CMessageDB.xm */ = {isa = PBXFileReference; fileEncoding = 4; lastKnownFileType = sourcecode.cpp.objcpp; path = CMessageDB.xm; sourceTree = "<group>"; xcLanguageSpecificationIdentifier = xcode.lang.objcpp; };
		35C924AB1CC0EDCA006CE955 /* CMessageMgr.xm */ = {isa = PBXFileReference; fileEncoding = 4; lastKnownFileType = sourcecode.cpp.objcpp; path = CMessageMgr.xm; sourceTree = "<group>"; xcLanguageSpecificationIdentifier = xcode.lang.objcpp; };
		35C924B01CC0F072006CE955 /* iConsole.xm */ = {isa = PBXFileReference; fileEncoding = 4; lastKnownFileType = sourcecode.cpp.objcpp; path = iConsole.xm; sourceTree = "<group>"; xcLanguageSpecificationIdentifier = xcode.lang.objcpp; };
		35C956D41CC0F9F5006CE955 /* iConsole.mm */ = {isa = PBXFileReference; fileEncoding = 4; lastKnownFileType = sourcecode.cpp.objcpp; path = iConsole.mm; sourceTree = "<group>"; };
/* End PBXFileReference section */

/* Begin PBXFrameworksBuildPhase section */
		35B4E2971CBF801800029275 /* Frameworks */ = {
			isa = PBXFrameworksBuildPhase;
			buildActionMask = 2147483647;
			files = (
				35C924A81CC0DE75006CE955 /* UIKit.framework in Frameworks */,
				35B4E2B51CBF83A300029275 /* libsubstrate.dylib in Frameworks */,
				35B4E29F1CBF801800029275 /* Foundation.framework in Frameworks */,
			);
			runOnlyForDeploymentPostprocessing = 0;
		};
/* End PBXFrameworksBuildPhase section */

/* Begin PBXGroup section */
		35B4E2901CBF801800029275 = {
			isa = PBXGroup;
			children = (
				35B4E2A01CBF801800029275 /* wxtweak */,
				35B4E29D1CBF801800029275 /* Frameworks */,
				35B4E29C1CBF801800029275 /* Products */,
			);
			sourceTree = "<group>";
		};
		35B4E29C1CBF801800029275 /* Products */ = {
			isa = PBXGroup;
			children = (
				35B4E29B1CBF801800029275 /* wxtweak.dylib */,
			);
			name = Products;
			sourceTree = "<group>";
		};
		35B4E29D1CBF801800029275 /* Frameworks */ = {
			isa = PBXGroup;
			children = (
				35C924A71CC0DE75006CE955 /* UIKit.framework */,
				35B4E2B41CBF83A300029275 /* libsubstrate.dylib */,
				35B4E29E1CBF801800029275 /* Foundation.framework */,
			);
			name = Frameworks;
			sourceTree = "<group>";
		};
		35B4E2A01CBF801800029275 /* wxtweak */ = {
			isa = PBXGroup;
			children = (
				35BDFB1C1CC4E4F400FC0C87 /* WCDeviceuserSportDevice.mm */,
				35BDFB1B1CC4E4BE00FC0C87 /* WCDeviceuserSportDevice.xm */,
				35BDFB191CC4E44100FC0C87 /* WCAppInfo.mm */,
				35BDFB161CC4E3F600FC0C87 /* WCAppInfo.xm */,
				35BDFB141CC4E0D100FC0C87 /* Q2DMapStatistics.mm */,
				35BDFB131CC4E09B00FC0C87 /* Q2DMapStatistics.xm */,
				35BDFB111CC4D23C00FC0C87 /* DeviceInfo.mm */,
				35BDFB101CC4D1CB00FC0C87 /* DeviceInfo.xm */,
				35BDFB0E1CC2371A00FC0C87 /* GameStatMgr.mm */,
				35BDFB0D1CC236C000FC0C87 /* GameStatMgr.xm */,
				35BDFB0B1CC231DD00FC0C87 /* AppDataMgr.mm */,
				35BDFB0A1CC2318100FC0C87 /* AppDataMgr.xm */,
				35BDFB081CC22F4D00FC0C87 /* MMMonitorMgr.mm */,
				35BDFB071CC22E8B00FC0C87 /* MMMonitorMgr.xm */,
				35BDFB051CC21B4300FC0C87 /* CUtility.mm */,
				35BDFB041CC21AF700FC0C87 /* CUtility.xm */,
				35BDFB021CC2138200FC0C87 /* ClickStreamMgr.mm */,
				35BDFB011CC2129600FC0C87 /* ClickStreamMgr.xm */,
				35BDFAFF1CC207DB00FC0C87 /* MMDumpReportMgr.mm */,
				35BDFAFE1CC2072D00FC0C87 /* MMDumpReportMgr.xm */,
				35BDFAFC1CC2071D00FC0C87 /* CMessageMgr.mm */,
				35BDFAFA1CC2071700FC0C87 /* CMessageDB.mm */,
				35C956D41CC0F9F5006CE955 /* iConsole.mm */,
				35C924B01CC0F072006CE955 /* iConsole.xm */,
				35C924AA1CC0EDCA006CE955 /* CMessageDB.xm */,
				35C924AB1CC0EDCA006CE955 /* CMessageMgr.xm */,
				35B4E2A81CBF801800029275 /* wxtweak.xm */,
				35B4E2A91CBF801800029275 /* wxtweak.mm */,
				35B4E2A11CBF801800029275 /* Package */,
				35B4E2A51CBF801800029275 /* Supporting Files */,
			);
			path = wxtweak;
			sourceTree = "<group>";
		};
		35B4E2A11CBF801800029275 /* Package */ = {
			isa = PBXGroup;
			children = (
				35B4E2A21CBF801800029275 /* DEBIAN */,
				35B4E2AB1CBF801800029275 /* Library */,
			);
			name = Package;
			sourceTree = "<group>";
		};
		35B4E2A21CBF801800029275 /* DEBIAN */ = {
			isa = PBXGroup;
			children = (
				35B4E2A31CBF801800029275 /* control.txt */,
				35B4E2A41CBF801800029275 /* control */,
			);
			name = DEBIAN;
			sourceTree = "<group>";
		};
		35B4E2A51CBF801800029275 /* Supporting Files */ = {
			isa = PBXGroup;
			children = (
				35B4E2A61CBF801800029275 /* PackageVersion.plist */,
				35B4E2A71CBF801800029275 /* wxtweak-Prefix.pch */,
			);
			name = "Supporting Files";
			sourceTree = "<group>";
		};
		35B4E2AB1CBF801800029275 /* Library */ = {
			isa = PBXGroup;
			children = (
				35B4E2AC1CBF801800029275 /* MobileSubstrate */,
			);
			name = Library;
			sourceTree = "<group>";
		};
		35B4E2AC1CBF801800029275 /* MobileSubstrate */ = {
			isa = PBXGroup;
			children = (
				35B4E2AD1CBF801800029275 /* DynamicLibraries */,
			);
			name = MobileSubstrate;
			sourceTree = "<group>";
		};
		35B4E2AD1CBF801800029275 /* DynamicLibraries */ = {
			isa = PBXGroup;
			children = (
				35B4E2AE1CBF801800029275 /* wxtweak.plist */,
			);
			name = DynamicLibraries;
			sourceTree = "<group>";
		};
/* End PBXGroup section */

/* Begin PBXHeadersBuildPhase section */
		35B4E2981CBF801800029275 /* Headers */ = {
			isa = PBXHeadersBuildPhase;
			buildActionMask = 2147483647;
			files = (
			);
			runOnlyForDeploymentPostprocessing = 0;
		};
/* End PBXHeadersBuildPhase section */

/* Begin PBXNativeTarget section */
		35B4E29A1CBF801800029275 /* wxtweak */ = {
			isa = PBXNativeTarget;
			buildConfigurationList = 35B4E2B11CBF801800029275 /* Build configuration list for PBXNativeTarget "wxtweak" */;
			buildPhases = (
				35B4E2951CBF801800029275 /* ShellScript */,
				35B4E2961CBF801800029275 /* Sources */,
				35B4E2971CBF801800029275 /* Frameworks */,
				35B4E2981CBF801800029275 /* Headers */,
				35B4E2991CBF801800029275 /* ShellScript */,
			);
			buildRules = (
			);
			dependencies = (
			);
			name = wxtweak;
			productName = wxtweak;
			productReference = 35B4E29B1CBF801800029275 /* wxtweak.dylib */;
			productType = "com.apple.product-type.library.dynamic";
		};
/* End PBXNativeTarget section */

/* Begin PBXProject section */
		35B4E2911CBF801800029275 /* Project object */ = {
			isa = PBXProject;
			attributes = {
				LastUpgradeCheck = 0510;
			};
			buildConfigurationList = 35B4E2941CBF801800029275 /* Build configuration list for PBXProject "wxtweak" */;
			compatibilityVersion = "Xcode 3.2";
			developmentRegion = English;
			hasScannedForEncodings = 0;
			knownRegions = (
				en,
			);
			mainGroup = 35B4E2901CBF801800029275;
			productRefGroup = 35B4E29C1CBF801800029275 /* Products */;
			projectDirPath = "";
			projectRoot = "";
			targets = (
				35B4E29A1CBF801800029275 /* wxtweak */,
			);
		};
/* End PBXProject section */

/* Begin PBXShellScriptBuildPhase section */
		35B4E2951CBF801800029275 /* ShellScript */ = {
			isa = PBXShellScriptBuildPhase;
			buildActionMask = 2147483647;
			files = (
			);
			inputPaths = (
			);
			outputPaths = (
			);
			runOnlyForDeploymentPostprocessing = 0;
			shellPath = /bin/sh;
			shellScript = "/opt/iOSOpenDev/bin/iosod --xcbp-logos";
		};
		35B4E2991CBF801800029275 /* ShellScript */ = {
			isa = PBXShellScriptBuildPhase;
			buildActionMask = 2147483647;
			files = (
			);
			inputPaths = (
			);
			outputPaths = (
			);
			runOnlyForDeploymentPostprocessing = 0;
			shellPath = /bin/sh;
			shellScript = "/opt/iOSOpenDev/bin/iosod --xcbp";
		};
/* End PBXShellScriptBuildPhase section */

/* Begin PBXSourcesBuildPhase section */
		35B4E2961CBF801800029275 /* Sources */ = {
			isa = PBXSourcesBuildPhase;
			buildActionMask = 2147483647;
			files = (
				35BDFB1A1CC4E44100FC0C87 /* WCAppInfo.mm in Sources */,
				35BDFAFD1CC2071D00FC0C87 /* CMessageMgr.mm in Sources */,
				35BDFAFB1CC2071700FC0C87 /* CMessageDB.mm in Sources */,
				35BDFB0C1CC231DD00FC0C87 /* AppDataMgr.mm in Sources */,
				35BDFB061CC21B4300FC0C87 /* CUtility.mm in Sources */,
				35BDFB0F1CC2371A00FC0C87 /* GameStatMgr.mm in Sources */,
				35BDFB001CC207DB00FC0C87 /* MMDumpReportMgr.mm in Sources */,
				35BDFB031CC2138200FC0C87 /* ClickStreamMgr.mm in Sources */,
				35B4E2AA1CBF801800029275 /* wxtweak.mm in Sources */,
				35BDFB121CC4D23C00FC0C87 /* DeviceInfo.mm in Sources */,
				3510880A1CC14D0A00176DDE /* ClickStreamMgr.mm in Sources */,
				35C956D51CC0F9F5006CE955 /* iConsole.mm in Sources */,
				35BDFB1D1CC4E4F400FC0C87 /* WCDeviceuserSportDevice.mm in Sources */,
				35BDFB091CC22F4D00FC0C87 /* MMMonitorMgr.mm in Sources */,
				35BDFB151CC4E0D100FC0C87 /* Q2DMapStatistics.mm in Sources */,
			);
			runOnlyForDeploymentPostprocessing = 0;
		};
/* End PBXSourcesBuildPhase section */

/* Begin XCBuildConfiguration section */
		35B4E2AF1CBF801800029275 /* Debug */ = {
			isa = XCBuildConfiguration;
			buildSettings = {
				ARCHS = "$(ARCHS_STANDARD_32_BIT)";
				CLANG_ENABLE_MODULES = YES;
				COPY_PHASE_STRIP = NO;
				EXCLUDED_RECURSIVE_SEARCH_PATH_SUBDIRECTORIES = "*.nib *.lproj *.gch (*) .DS_Store CVS .svn .git .hg *.xcodeproj *.xcode *.pbproj *.pbxproj";
				FRAMEWORK_SEARCH_PATHS = (
					"$(iOSOpenDevPath)/frameworks/**",
					"$(SDKROOT)/System/Library/PrivateFrameworks",
				);
				GCC_C_LANGUAGE_STANDARD = gnu99;
				GCC_DYNAMIC_NO_PIC = NO;
				GCC_OPTIMIZATION_LEVEL = 0;
				GCC_PREPROCESSOR_DEFINITIONS = (
					"DEBUG=1",
					"$(inherited)",
				);
				GCC_SYMBOLS_PRIVATE_EXTERN = NO;
				GCC_WARN_ABOUT_MISSING_PROTOTYPES = YES;
				GCC_WARN_ABOUT_RETURN_TYPE = YES;
				GCC_WARN_UNUSED_VARIABLE = YES;
				HEADER_SEARCH_PATHS = (
					"$(iOSOpenDevPath)/include/**",
					"/opt/theos/vendor/**",
					"/opt/theos/**",
					"/opt/theos/vendor/include/**",
					"/Users/jamy/works/wx/**",
				);
				IPHONEOS_DEPLOYMENT_TARGET = 7.1;
				LIBRARY_SEARCH_PATHS = "$(iOSOpenDevPath)/lib/**";
				ONLY_ACTIVE_ARCH = YES;
				SDKROOT = iphoneos;
				TARGETED_DEVICE_FAMILY = "1,2";
				THEOS = /opt/theos;
				THEOS_INSTANCE_NAME = wxtweak;
				VALIDATE_PRODUCT = NO;
				iOSOpenDevPath = /opt/iOSOpenDev;
			};
			name = Debug;
		};
		35B4E2B01CBF801800029275 /* Release */ = {
			isa = XCBuildConfiguration;
			buildSettings = {
				ARCHS = "$(ARCHS_STANDARD_32_BIT)";
				CLANG_ENABLE_MODULES = YES;
				COPY_PHASE_STRIP = YES;
				EXCLUDED_RECURSIVE_SEARCH_PATH_SUBDIRECTORIES = "*.nib *.lproj *.gch (*) .DS_Store CVS .svn .git .hg *.xcodeproj *.xcode *.pbproj *.pbxproj";
				FRAMEWORK_SEARCH_PATHS = (
					"$(iOSOpenDevPath)/frameworks/**",
					"$(SDKROOT)/System/Library/PrivateFrameworks",
				);
				GCC_C_LANGUAGE_STANDARD = gnu99;
				GCC_WARN_ABOUT_MISSING_PROTOTYPES = YES;
				GCC_WARN_ABOUT_RETURN_TYPE = YES;
				GCC_WARN_UNUSED_VARIABLE = YES;
				HEADER_SEARCH_PATHS = (
					"$(iOSOpenDevPath)/include/**",
					"/opt/theos/vendor/**",
					"/opt/theos/**",
					"/opt/theos/vendor/include/**",
					"/Users/jamy/works/wx/**",
				);
				IPHONEOS_DEPLOYMENT_TARGET = 7.1;
				LIBRARY_SEARCH_PATHS = "$(iOSOpenDevPath)/lib/**";
				SDKROOT = iphoneos;
				TARGETED_DEVICE_FAMILY = "1,2";
				THEOS = /opt/theos;
				THEOS_INSTANCE_NAME = wxtweak;
				VALIDATE_PRODUCT = YES;
				iOSOpenDevPath = /opt/iOSOpenDev;
			};
			name = Release;
		};
		35B4E2B21CBF801800029275 /* Debug */ = {
			isa = XCBuildConfiguration;
			buildSettings = {
				CODE_SIGN_IDENTITY = "";
				DYLIB_COMPATIBILITY_VERSION = 1;
				DYLIB_CURRENT_VERSION = 2;
				GCC_PRECOMPILE_PREFIX_HEADER = YES;
				GCC_PREFIX_HEADER = "wxtweak/wxtweak-Prefix.pch";
				HEADER_SEARCH_PATHS = (
					"$(iOSOpenDevPath)/include/**",
					"/opt/theos/**",
					"/opt/theos/vendor/include/**",
					"/opt/theos/vendor/**",
				);
				INSTALL_PATH = /Library/MobileSubstrate/DynamicLibraries;
				LIBRARY_SEARCH_PATHS = (
					"$(inherited)",
					/opt/iOSOpenDev/lib,
				);
				PRODUCT_NAME = "$(TARGET_NAME)";
				iOSOpenDevBuildPackageOnAnyBuild = NO;
				iOSOpenDevCopyOnBuild = NO;
				iOSOpenDevDevice = "";
				iOSOpenDevInstallOnAnyBuild = NO;
				iOSOpenDevInstallOnProfiling = YES;
				iOSOpenDevRespringOnInstall = YES;
				iOSOpenDevUsePackageVersionPList = YES;
			};
			name = Debug;
		};
		35B4E2B31CBF801800029275 /* Release */ = {
			isa = XCBuildConfiguration;
			buildSettings = {
				CODE_SIGN_IDENTITY = "";
				DYLIB_COMPATIBILITY_VERSION = 1;
				DYLIB_CURRENT_VERSION = 2;
				GCC_PRECOMPILE_PREFIX_HEADER = YES;
				GCC_PREFIX_HEADER = "wxtweak/wxtweak-Prefix.pch";
				HEADER_SEARCH_PATHS = (
					"$(iOSOpenDevPath)/include/**",
					"/opt/theos/**",
					"/opt/theos/vendor/include/**",
					"/opt/theos/vendor/**",
				);
				INSTALL_PATH = /Library/MobileSubstrate/DynamicLibraries;
				LIBRARY_SEARCH_PATHS = (
					"$(inherited)",
					/opt/iOSOpenDev/lib,
				);
				PRODUCT_NAME = "$(TARGET_NAME)";
				iOSOpenDevBuildPackageOnAnyBuild = NO;
				iOSOpenDevCopyOnBuild = NO;
				iOSOpenDevDevice = "";
				iOSOpenDevInstallOnAnyBuild = NO;
				iOSOpenDevInstallOnProfiling = YES;
				iOSOpenDevRespringOnInstall = YES;
				iOSOpenDevUsePackageVersionPList = YES;
			};
			name = Release;
		};
/* End XCBuildConfiguration section */

/* Begin XCConfigurationList section */
		35B4E2941CBF801800029275 /* Build configuration list for PBXProject "wxtweak" */ = {
			isa = XCConfigurationList;
			buildConfigurations = (
				35B4E2AF1CBF801800029275 /* Debug */,
				35B4E2B01CBF801800029275 /* Release */,
			);
			defaultConfigurationIsVisible = 0;
			defaultConfigurationName = Release;
		};
		35B4E2B11CBF801800029275 /* Build configuration list for PBXNativeTarget "wxtweak" */ = {
			isa = XCConfigurationList;
			buildConfigurations = (
				35B4E2B21CBF801800029275 /* Debug */,
				35B4E2B31CBF801800029275 /* Release */,
			);
			defaultConfigurationIsVisible = 0;
			defaultConfigurationName = Release;
		};
/* End XCConfigurationList section */
	};
	rootObject = 35B4E2911CBF801800029275 /* Project object */;
}
