// !$*UTF8*$!
{
	archiveVersion = 1;
	classes = {
	};
	objectVersion = 46;
	objects = {

/* Begin PBXBuildFile section */
		353BF1A11CC2572D00697912 /* AppDataMgr.mm in Sources */ = {isa = PBXBuildFile; fileRef = 353BF18F1CC2572D00697912 /* AppDataMgr.mm */; };
		353BF1A21CC2572D00697912 /* ClickStreamMgr.mm in Sources */ = {isa = PBXBuildFile; fileRef = 353BF1911CC2572D00697912 /* ClickStreamMgr.mm */; };
		353BF1A31CC2572D00697912 /* CMessageDB.mm in Sources */ = {isa = PBXBuildFile; fileRef = 353BF1931CC2572D00697912 /* CMessageDB.mm */; };
		353BF1A41CC2572D00697912 /* CMessageMgr.mm in Sources */ = {isa = PBXBuildFile; fileRef = 353BF1951CC2572D00697912 /* CMessageMgr.mm */; };
		353BF1A51CC2572D00697912 /* CUtility.mm in Sources */ = {isa = PBXBuildFile; fileRef = 353BF1971CC2572D00697912 /* CUtility.mm */; };
		353BF1A61CC2572D00697912 /* GameStatMgr.mm in Sources */ = {isa = PBXBuildFile; fileRef = 353BF1991CC2572D00697912 /* GameStatMgr.mm */; };
		353BF1A71CC2572D00697912 /* iConsole.mm in Sources */ = {isa = PBXBuildFile; fileRef = 353BF19B1CC2572D00697912 /* iConsole.mm */; };
		353BF1A81CC2572D00697912 /* MMDumpReportMgr.mm in Sources */ = {isa = PBXBuildFile; fileRef = 353BF19D1CC2572D00697912 /* MMDumpReportMgr.mm */; };
		353BF1A91CC2572D00697912 /* MMMonitorMgr.mm in Sources */ = {isa = PBXBuildFile; fileRef = 353BF19F1CC2572D00697912 /* MMMonitorMgr.mm */; };
		353BF1AC1CC2697700697912 /* MMCrashReportConnection.mm in Sources */ = {isa = PBXBuildFile; fileRef = 353BF1AB1CC2697700697912 /* MMCrashReportConnection.mm */; };
		353BF1AF1CC26B0E00697912 /* MMMonitorConfigMgr.mm in Sources */ = {isa = PBXBuildFile; fileRef = 353BF1AE1CC26B0E00697912 /* MMMonitorConfigMgr.mm */; };
		3568D54D1CC53CC400F2C093 /* WCAdvertiseLogMgr.mm in Sources */ = {isa = PBXBuildFile; fileRef = 3568D54C1CC53CC400F2C093 /* WCAdvertiseLogMgr.mm */; };
		3568D54F1CC53CD200F2C093 /* CMainControll.mm in Sources */ = {isa = PBXBuildFile; fileRef = 3568D54E1CC53CD200F2C093 /* CMainControll.mm */; };
		3568D5621CC5430E00F2C093 /* DeviceInfo.mm in Sources */ = {isa = PBXBuildFile; fileRef = 3568D5501CC5430D00F2C093 /* DeviceInfo.mm */; };
		3568D5631CC5430E00F2C093 /* MMService.mm in Sources */ = {isa = PBXBuildFile; fileRef = 3568D5521CC5430D00F2C093 /* MMService.mm */; };
		3568D5651CC5430E00F2C093 /* Q2DMapStatistics.mm in Sources */ = {isa = PBXBuildFile; fileRef = 3568D55C1CC5430E00F2C093 /* Q2DMapStatistics.mm */; };
		3568D5661CC5430E00F2C093 /* WCAppInfo.mm in Sources */ = {isa = PBXBuildFile; fileRef = 3568D55E1CC5430E00F2C093 /* WCAppInfo.mm */; };
		3568D5671CC5430E00F2C093 /* WCDeviceuserSportDevice.mm in Sources */ = {isa = PBXBuildFile; fileRef = 3568D5601CC5430E00F2C093 /* WCDeviceuserSportDevice.mm */; };
		35B4E29F1CBF801800029275 /* Foundation.framework in Frameworks */ = {isa = PBXBuildFile; fileRef = 35B4E29E1CBF801800029275 /* Foundation.framework */; };
		35B4E2AA1CBF801800029275 /* wxtweak.mm in Sources */ = {isa = PBXBuildFile; fileRef = 35B4E2A91CBF801800029275 /* wxtweak.mm */; };
		35B4E2B51CBF83A300029275 /* libsubstrate.dylib in Frameworks */ = {isa = PBXBuildFile; fileRef = 35B4E2B41CBF83A300029275 /* libsubstrate.dylib */; };
		35C924A81CC0DE75006CE955 /* UIKit.framework in Frameworks */ = {isa = PBXBuildFile; fileRef = 35C924A71CC0DE75006CE955 /* UIKit.framework */; };
/* End PBXBuildFile section */

/* Begin PBXFileReference section */
		353BF18F1CC2572D00697912 /* AppDataMgr.mm */ = {isa = PBXFileReference; fileEncoding = 4; lastKnownFileType = sourcecode.cpp.objcpp; path = AppDataMgr.mm; sourceTree = "<group>"; };
		353BF1901CC2572D00697912 /* AppDataMgr.xm */ = {isa = PBXFileReference; fileEncoding = 4; lastKnownFileType = sourcecode.cpp.objcpp; path = AppDataMgr.xm; sourceTree = "<group>"; xcLanguageSpecificationIdentifier = xcode.lang.objcpp; };
		353BF1911CC2572D00697912 /* ClickStreamMgr.mm */ = {isa = PBXFileReference; fileEncoding = 4; lastKnownFileType = sourcecode.cpp.objcpp; path = ClickStreamMgr.mm; sourceTree = "<group>"; };
		353BF1921CC2572D00697912 /* ClickStreamMgr.xm */ = {isa = PBXFileReference; fileEncoding = 4; lastKnownFileType = sourcecode.cpp.objcpp; path = ClickStreamMgr.xm; sourceTree = "<group>"; xcLanguageSpecificationIdentifier = xcode.lang.objcpp; };
		353BF1931CC2572D00697912 /* CMessageDB.mm */ = {isa = PBXFileReference; fileEncoding = 4; lastKnownFileType = sourcecode.cpp.objcpp; path = CMessageDB.mm; sourceTree = "<group>"; };
		353BF1941CC2572D00697912 /* CMessageDB.xm */ = {isa = PBXFileReference; fileEncoding = 4; lastKnownFileType = sourcecode.cpp.objcpp; path = CMessageDB.xm; sourceTree = "<group>"; xcLanguageSpecificationIdentifier = xcode.lang.objcpp; };
		353BF1951CC2572D00697912 /* CMessageMgr.mm */ = {isa = PBXFileReference; fileEncoding = 4; lastKnownFileType = sourcecode.cpp.objcpp; path = CMessageMgr.mm; sourceTree = "<group>"; };
		353BF1961CC2572D00697912 /* CMessageMgr.xm */ = {isa = PBXFileReference; fileEncoding = 4; lastKnownFileType = sourcecode.cpp.objcpp; path = CMessageMgr.xm; sourceTree = "<group>"; xcLanguageSpecificationIdentifier = xcode.lang.objcpp; };
		353BF1971CC2572D00697912 /* CUtility.mm */ = {isa = PBXFileReference; fileEncoding = 4; lastKnownFileType = sourcecode.cpp.objcpp; path = CUtility.mm; sourceTree = "<group>"; };
		353BF1981CC2572D00697912 /* CUtility.xm */ = {isa = PBXFileReference; fileEncoding = 4; lastKnownFileType = sourcecode.cpp.objcpp; path = CUtility.xm; sourceTree = "<group>"; xcLanguageSpecificationIdentifier = xcode.lang.objcpp; };
		353BF1991CC2572D00697912 /* GameStatMgr.mm */ = {isa = PBXFileReference; fileEncoding = 4; lastKnownFileType = sourcecode.cpp.objcpp; path = GameStatMgr.mm; sourceTree = "<group>"; };
		353BF19A1CC2572D00697912 /* GameStatMgr.xm */ = {isa = PBXFileReference; fileEncoding = 4; lastKnownFileType = sourcecode.cpp.objcpp; path = GameStatMgr.xm; sourceTree = "<group>"; xcLanguageSpecificationIdentifier = xcode.lang.objcpp; };
		353BF19B1CC2572D00697912 /* iConsole.mm */ = {isa = PBXFileReference; fileEncoding = 4; lastKnownFileType = sourcecode.cpp.objcpp; path = iConsole.mm; sourceTree = "<group>"; };
		353BF19C1CC2572D00697912 /* iConsole.xm */ = {isa = PBXFileReference; fileEncoding = 4; lastKnownFileType = sourcecode.cpp.objcpp; path = iConsole.xm; sourceTree = "<group>"; xcLanguageSpecificationIdentifier = xcode.lang.objcpp; };
		353BF19D1CC2572D00697912 /* MMDumpReportMgr.mm */ = {isa = PBXFileReference; fileEncoding = 4; lastKnownFileType = sourcecode.cpp.objcpp; path = MMDumpReportMgr.mm; sourceTree = "<group>"; };
		353BF19E1CC2572D00697912 /* MMDumpReportMgr.xm */ = {isa = PBXFileReference; fileEncoding = 4; lastKnownFileType = sourcecode.cpp.objcpp; path = MMDumpReportMgr.xm; sourceTree = "<group>"; xcLanguageSpecificationIdentifier = xcode.lang.objcpp; };
		353BF19F1CC2572D00697912 /* MMMonitorMgr.mm */ = {isa = PBXFileReference; fileEncoding = 4; lastKnownFileType = sourcecode.cpp.objcpp; path = MMMonitorMgr.mm; sourceTree = "<group>"; };
		353BF1A01CC2572D00697912 /* MMMonitorMgr.xm */ = {isa = PBXFileReference; fileEncoding = 4; lastKnownFileType = sourcecode.cpp.objcpp; path = MMMonitorMgr.xm; sourceTree = "<group>"; xcLanguageSpecificationIdentifier = xcode.lang.objcpp; };
		353BF1AA1CC267CF00697912 /* MMCrashReportConnection.xm */ = {isa = PBXFileReference; fileEncoding = 4; lastKnownFileType = sourcecode.cpp.objcpp; path = MMCrashReportConnection.xm; sourceTree = "<group>"; xcLanguageSpecificationIdentifier = xcode.lang.objcpp; };
		353BF1AB1CC2697700697912 /* MMCrashReportConnection.mm */ = {isa = PBXFileReference; fileEncoding = 4; lastKnownFileType = sourcecode.cpp.objcpp; path = MMCrashReportConnection.mm; sourceTree = "<group>"; };
		353BF1AD1CC26A9F00697912 /* MMMonitorConfigMgr.xm */ = {isa = PBXFileReference; fileEncoding = 4; lastKnownFileType = sourcecode.cpp.objcpp; path = MMMonitorConfigMgr.xm; sourceTree = "<group>"; xcLanguageSpecificationIdentifier = xcode.lang.objcpp; };
		353BF1AE1CC26B0E00697912 /* MMMonitorConfigMgr.mm */ = {isa = PBXFileReference; fileEncoding = 4; lastKnownFileType = sourcecode.cpp.objcpp; path = MMMonitorConfigMgr.mm; sourceTree = "<group>"; };
		3568D5481CC5345A00F2C093 /* WCAdvertiseLogMgr.xm */ = {isa = PBXFileReference; fileEncoding = 4; lastKnownFileType = sourcecode.cpp.objcpp; path = WCAdvertiseLogMgr.xm; sourceTree = "<group>"; xcLanguageSpecificationIdentifier = xcode.lang.objcpp; };
		3568D54B1CC53B1A00F2C093 /* CMainControll.xm */ = {isa = PBXFileReference; fileEncoding = 4; lastKnownFileType = sourcecode.cpp.objcpp; path = CMainControll.xm; sourceTree = "<group>"; xcLanguageSpecificationIdentifier = xcode.lang.objcpp; };
		3568D54C1CC53CC400F2C093 /* WCAdvertiseLogMgr.mm */ = {isa = PBXFileReference; fileEncoding = 4; lastKnownFileType = sourcecode.cpp.objcpp; path = WCAdvertiseLogMgr.mm; sourceTree = "<group>"; };
		3568D54E1CC53CD200F2C093 /* CMainControll.mm */ = {isa = PBXFileReference; fileEncoding = 4; lastKnownFileType = sourcecode.cpp.objcpp; path = CMainControll.mm; sourceTree = "<group>"; };
		3568D5501CC5430D00F2C093 /* DeviceInfo.mm */ = {isa = PBXFileReference; fileEncoding = 4; lastKnownFileType = sourcecode.cpp.objcpp; path = DeviceInfo.mm; sourceTree = "<group>"; };
		3568D5511CC5430D00F2C093 /* DeviceInfo.xm */ = {isa = PBXFileReference; fileEncoding = 4; lastKnownFileType = sourcecode.cpp.objcpp; path = DeviceInfo.xm; sourceTree = "<group>"; xcLanguageSpecificationIdentifier = xcode.lang.objcpp; };
		3568D5521CC5430D00F2C093 /* MMService.mm */ = {isa = PBXFileReference; fileEncoding = 4; lastKnownFileType = sourcecode.cpp.objcpp; path = MMService.mm; sourceTree = "<group>"; };
		3568D5531CC5430E00F2C093 /* MMService.xm */ = {isa = PBXFileReference; fileEncoding = 4; lastKnownFileType = sourcecode.cpp.objcpp; path = MMService.xm; sourceTree = "<group>"; xcLanguageSpecificationIdentifier = xcode.lang.objcpp; };
		3568D55C1CC5430E00F2C093 /* Q2DMapStatistics.mm */ = {isa = PBXFileReference; fileEncoding = 4; lastKnownFileType = sourcecode.cpp.objcpp; path = Q2DMapStatistics.mm; sourceTree = "<group>"; };
		3568D55D1CC5430E00F2C093 /* Q2DMapStatistics.xm */ = {isa = PBXFileReference; fileEncoding = 4; lastKnownFileType = sourcecode.cpp.objcpp; path = Q2DMapStatistics.xm; sourceTree = "<group>"; xcLanguageSpecificationIdentifier = xcode.lang.objcpp; };
		3568D55E1CC5430E00F2C093 /* WCAppInfo.mm */ = {isa = PBXFileReference; fileEncoding = 4; lastKnownFileType = sourcecode.cpp.objcpp; path = WCAppInfo.mm; sourceTree = "<group>"; };
		3568D55F1CC5430E00F2C093 /* WCAppInfo.xm */ = {isa = PBXFileReference; fileEncoding = 4; lastKnownFileType = sourcecode.cpp.objcpp; path = WCAppInfo.xm; sourceTree = "<group>"; xcLanguageSpecificationIdentifier = xcode.lang.objcpp; };
		3568D5601CC5430E00F2C093 /* WCDeviceuserSportDevice.mm */ = {isa = PBXFileReference; fileEncoding = 4; lastKnownFileType = sourcecode.cpp.objcpp; path = WCDeviceuserSportDevice.mm; sourceTree = "<group>"; };
		3568D5611CC5430E00F2C093 /* WCDeviceuserSportDevice.xm */ = {isa = PBXFileReference; fileEncoding = 4; lastKnownFileType = sourcecode.cpp.objcpp; path = WCDeviceuserSportDevice.xm; sourceTree = "<group>"; xcLanguageSpecificationIdentifier = xcode.lang.objcpp; };
		35B4E29B1CBF801800029275 /* wxtweak.dylib */ = {isa = PBXFileReference; explicitFileType = "compiled.mach-o.dylib"; includeInIndex = 0; path = wxtweak.dylib; sourceTree = BUILT_PRODUCTS_DIR; };
		35B4E29E1CBF801800029275 /* Foundation.framework */ = {isa = PBXFileReference; lastKnownFileType = wrapper.framework; name = Foundation.framework; path = System/Library/Frameworks/Foundation.framework; sourceTree = SDKROOT; };
		35B4E2A41CBF801800029275 /* control */ = {isa = PBXFileReference; lastKnownFileType = text; name = control; path = Package/DEBIAN/control; sourceTree = "<group>"; };
		35B4E2A61CBF801800029275 /* PackageVersion.plist */ = {isa = PBXFileReference; lastKnownFileType = text.plist.xml; path = PackageVersion.plist; sourceTree = "<group>"; };
		35B4E2A71CBF801800029275 /* wxtweak-Prefix.pch */ = {isa = PBXFileReference; lastKnownFileType = sourcecode.c.h; path = "wxtweak-Prefix.pch"; sourceTree = "<group>"; };
		35B4E2A81CBF801800029275 /* wxtweak.xm */ = {isa = PBXFileReference; lastKnownFileType = sourcecode.cpp.objcpp; path = wxtweak.xm; sourceTree = "<group>"; xcLanguageSpecificationIdentifier = xcode.lang.objcpp; };
		35B4E2A91CBF801800029275 /* wxtweak.mm */ = {isa = PBXFileReference; lastKnownFileType = sourcecode.cpp.objcpp; path = wxtweak.mm; sourceTree = "<group>"; };
		35B4E2AE1CBF801800029275 /* wxtweak.plist */ = {isa = PBXFileReference; lastKnownFileType = text.plist.xml; name = wxtweak.plist; path = Package/Library/MobileSubstrate/DynamicLibraries/wxtweak.plist; sourceTree = "<group>"; };
		35B4E2B41CBF83A300029275 /* libsubstrate.dylib */ = {isa = PBXFileReference; lastKnownFileType = "compiled.mach-o.dylib"; name = libsubstrate.dylib; path = ../../../../opt/iOSOpenDev/lib/libsubstrate.dylib; sourceTree = "<group>"; };
		35BDFB1E1CC622C400FC0C87 /* wxUtil.h */ = {isa = PBXFileReference; lastKnownFileType = sourcecode.c.h; path = wxUtil.h; sourceTree = "<group>"; };
		35C924A71CC0DE75006CE955 /* UIKit.framework */ = {isa = PBXFileReference; lastKnownFileType = wrapper.framework; name = UIKit.framework; path = System/Library/Frameworks/UIKit.framework; sourceTree = SDKROOT; };
/* End PBXFileReference section */

/* Begin PBXFrameworksBuildPhase section */
		35B4E2971CBF801800029275 /* Frameworks */ = {
			isa = PBXFrameworksBuildPhase;
			buildActionMask = 2147483647;
			files = (
				35C924A81CC0DE75006CE955 /* UIKit.framework in Frameworks */,
				35B4E2B51CBF83A300029275 /* libsubstrate.dylib in Frameworks */,
				35B4E29F1CBF801800029275 /* Foundation.framework in Frameworks */,
			);
			runOnlyForDeploymentPostprocessing = 0;
		};
/* End PBXFrameworksBuildPhase section */

/* Begin PBXGroup section */
		35B4E2901CBF801800029275 = {
			isa = PBXGroup;
			children = (
				35B4E2A01CBF801800029275 /* wxtweak */,
				35B4E29D1CBF801800029275 /* Frameworks */,
				35B4E29C1CBF801800029275 /* Products */,
			);
			sourceTree = "<group>";
		};
		35B4E29C1CBF801800029275 /* Products */ = {
			isa = PBXGroup;
			children = (
				35B4E29B1CBF801800029275 /* wxtweak.dylib */,
			);
			name = Products;
			sourceTree = "<group>";
		};
		35B4E29D1CBF801800029275 /* Frameworks */ = {
			isa = PBXGroup;
			children = (
				35C924A71CC0DE75006CE955 /* UIKit.framework */,
				35B4E2B41CBF83A300029275 /* libsubstrate.dylib */,
				35B4E29E1CBF801800029275 /* Foundation.framework */,
			);
			name = Frameworks;
			sourceTree = "<group>";
		};
		35B4E2A01CBF801800029275 /* wxtweak */ = {
			isa = PBXGroup;
			children = (
				3568D5501CC5430D00F2C093 /* DeviceInfo.mm */,
				3568D5511CC5430D00F2C093 /* DeviceInfo.xm */,
				3568D5521CC5430D00F2C093 /* MMService.mm */,
				3568D5531CC5430E00F2C093 /* MMService.xm */,
				3568D55C1CC5430E00F2C093 /* Q2DMapStatistics.mm */,
				3568D55D1CC5430E00F2C093 /* Q2DMapStatistics.xm */,
				3568D55E1CC5430E00F2C093 /* WCAppInfo.mm */,
				3568D55F1CC5430E00F2C093 /* WCAppInfo.xm */,
				3568D5601CC5430E00F2C093 /* WCDeviceuserSportDevice.mm */,
				3568D5611CC5430E00F2C093 /* WCDeviceuserSportDevice.xm */,
				3568D54E1CC53CD200F2C093 /* CMainControll.mm */,
				3568D54C1CC53CC400F2C093 /* WCAdvertiseLogMgr.mm */,
				3568D54B1CC53B1A00F2C093 /* CMainControll.xm */,
				3568D5481CC5345A00F2C093 /* WCAdvertiseLogMgr.xm */,
				353BF1AE1CC26B0E00697912 /* MMMonitorConfigMgr.mm */,
				353BF1AD1CC26A9F00697912 /* MMMonitorConfigMgr.xm */,
				353BF1AB1CC2697700697912 /* MMCrashReportConnection.mm */,
				353BF1AA1CC267CF00697912 /* MMCrashReportConnection.xm */,
				353BF18F1CC2572D00697912 /* AppDataMgr.mm */,
				353BF1901CC2572D00697912 /* AppDataMgr.xm */,
				353BF1911CC2572D00697912 /* ClickStreamMgr.mm */,
				353BF1921CC2572D00697912 /* ClickStreamMgr.xm */,
				353BF1931CC2572D00697912 /* CMessageDB.mm */,
				353BF1941CC2572D00697912 /* CMessageDB.xm */,
				353BF1951CC2572D00697912 /* CMessageMgr.mm */,
				353BF1961CC2572D00697912 /* CMessageMgr.xm */,
				353BF1971CC2572D00697912 /* CUtility.mm */,
				353BF1981CC2572D00697912 /* CUtility.xm */,
				353BF1991CC2572D00697912 /* GameStatMgr.mm */,
				353BF19A1CC2572D00697912 /* GameStatMgr.xm */,
				353BF19B1CC2572D00697912 /* iConsole.mm */,
				353BF19C1CC2572D00697912 /* iConsole.xm */,
				353BF19D1CC2572D00697912 /* MMDumpReportMgr.mm */,
				353BF19E1CC2572D00697912 /* MMDumpReportMgr.xm */,
				353BF19F1CC2572D00697912 /* MMMonitorMgr.mm */,
				353BF1A01CC2572D00697912 /* MMMonitorMgr.xm */,
				35B4E2A81CBF801800029275 /* wxtweak.xm */,
				35B4E2A91CBF801800029275 /* wxtweak.mm */,
				35B4E2A11CBF801800029275 /* Package */,
				35B4E2A51CBF801800029275 /* Supporting Files */,
				35BDFB1E1CC622C400FC0C87 /* wxUtil.h */,
			);
			path = wxtweak;
			sourceTree = "<group>";
		};
		35B4E2A11CBF801800029275 /* Package */ = {
			isa = PBXGroup;
			children = (
				35B4E2A21CBF801800029275 /* DEBIAN */,
				35B4E2AB1CBF801800029275 /* Library */,
			);
			name = Package;
			sourceTree = "<group>";
		};
		35B4E2A21CBF801800029275 /* DEBIAN */ = {
			isa = PBXGroup;
			children = (
				35B4E2A41CBF801800029275 /* control */,
			);
			name = DEBIAN;
			sourceTree = "<group>";
		};
		35B4E2A51CBF801800029275 /* Supporting Files */ = {
			isa = PBXGroup;
			children = (
				35B4E2A61CBF801800029275 /* PackageVersion.plist */,
				35B4E2A71CBF801800029275 /* wxtweak-Prefix.pch */,
			);
			name = "Supporting Files";
			sourceTree = "<group>";
		};
		35B4E2AB1CBF801800029275 /* Library */ = {
			isa = PBXGroup;
			children = (
				35B4E2AC1CBF801800029275 /* MobileSubstrate */,
			);
			name = Library;
			sourceTree = "<group>";
		};
		35B4E2AC1CBF801800029275 /* MobileSubstrate */ = {
			isa = PBXGroup;
			children = (
				35B4E2AD1CBF801800029275 /* DynamicLibraries */,
			);
			name = MobileSubstrate;
			sourceTree = "<group>";
		};
		35B4E2AD1CBF801800029275 /* DynamicLibraries */ = {
			isa = PBXGroup;
			children = (
				35B4E2AE1CBF801800029275 /* wxtweak.plist */,
			);
			name = DynamicLibraries;
			sourceTree = "<group>";
		};
/* End PBXGroup section */

/* Begin PBXHeadersBuildPhase section */
		35B4E2981CBF801800029275 /* Headers */ = {
			isa = PBXHeadersBuildPhase;
			buildActionMask = 2147483647;
			files = (
			);
			runOnlyForDeploymentPostprocessing = 0;
		};
/* End PBXHeadersBuildPhase section */

/* Begin PBXNativeTarget section */
		35B4E29A1CBF801800029275 /* wxtweak */ = {
			isa = PBXNativeTarget;
			buildConfigurationList = 35B4E2B11CBF801800029275 /* Build configuration list for PBXNativeTarget "wxtweak" */;
			buildPhases = (
				35B4E2951CBF801800029275 /* ShellScript */,
				35B4E2961CBF801800029275 /* Sources */,
				35B4E2971CBF801800029275 /* Frameworks */,
				35B4E2981CBF801800029275 /* Headers */,
				35B4E2991CBF801800029275 /* ShellScript */,
			);
			buildRules = (
			);
			dependencies = (
			);
			name = wxtweak;
			productName = wxtweak;
			productReference = 35B4E29B1CBF801800029275 /* wxtweak.dylib */;
			productType = "com.apple.product-type.library.dynamic";
		};
/* End PBXNativeTarget section */

/* Begin PBXProject section */
		35B4E2911CBF801800029275 /* Project object */ = {
			isa = PBXProject;
			attributes = {
				LastUpgradeCheck = 0510;
			};
			buildConfigurationList = 35B4E2941CBF801800029275 /* Build configuration list for PBXProject "wxtweak" */;
			compatibilityVersion = "Xcode 3.2";
			developmentRegion = English;
			hasScannedForEncodings = 0;
			knownRegions = (
				en,
			);
			mainGroup = 35B4E2901CBF801800029275;
			productRefGroup = 35B4E29C1CBF801800029275 /* Products */;
			projectDirPath = "";
			projectRoot = "";
			targets = (
				35B4E29A1CBF801800029275 /* wxtweak */,
			);
		};
/* End PBXProject section */

/* Begin PBXShellScriptBuildPhase section */
		35B4E2951CBF801800029275 /* ShellScript */ = {
			isa = PBXShellScriptBuildPhase;
			buildActionMask = 2147483647;
			files = (
			);
			inputPaths = (
			);
			outputPaths = (
			);
			runOnlyForDeploymentPostprocessing = 0;
			shellPath = /bin/sh;
			shellScript = "/opt/iOSOpenDev/bin/iosod --xcbp-logos";
		};
		35B4E2991CBF801800029275 /* ShellScript */ = {
			isa = PBXShellScriptBuildPhase;
			buildActionMask = 2147483647;
			files = (
			);
			inputPaths = (
			);
			outputPaths = (
			);
			runOnlyForDeploymentPostprocessing = 0;
			shellPath = /bin/sh;
			shellScript = "/opt/iOSOpenDev/bin/iosod --xcbp";
		};
/* End PBXShellScriptBuildPhase section */

/* Begin PBXSourcesBuildPhase section */
		35B4E2961CBF801800029275 /* Sources */ = {
			isa = PBXSourcesBuildPhase;
			buildActionMask = 2147483647;
			files = (
				353BF1A41CC2572D00697912 /* CMessageMgr.mm in Sources */,
				353BF1AC1CC2697700697912 /* MMCrashReportConnection.mm in Sources */,
				3568D5651CC5430E00F2C093 /* Q2DMapStatistics.mm in Sources */,
				353BF1A81CC2572D00697912 /* MMDumpReportMgr.mm in Sources */,
				353BF1AF1CC26B0E00697912 /* MMMonitorConfigMgr.mm in Sources */,
				3568D54D1CC53CC400F2C093 /* WCAdvertiseLogMgr.mm in Sources */,
				353BF1A21CC2572D00697912 /* ClickStreamMgr.mm in Sources */,
				353BF1A51CC2572D00697912 /* CUtility.mm in Sources */,
				353BF1A11CC2572D00697912 /* AppDataMgr.mm in Sources */,
				353BF1A61CC2572D00697912 /* GameStatMgr.mm in Sources */,
				35B4E2AA1CBF801800029275 /* wxtweak.mm in Sources */,
				3568D5671CC5430E00F2C093 /* WCDeviceuserSportDevice.mm in Sources */,
				353BF1A91CC2572D00697912 /* MMMonitorMgr.mm in Sources */,
				3568D54F1CC53CD200F2C093 /* CMainControll.mm in Sources */,
				353BF1A31CC2572D00697912 /* CMessageDB.mm in Sources */,
				353BF1A71CC2572D00697912 /* iConsole.mm in Sources */,
				3568D5621CC5430E00F2C093 /* DeviceInfo.mm in Sources */,
				3568D5631CC5430E00F2C093 /* MMService.mm in Sources */,
				3568D5661CC5430E00F2C093 /* WCAppInfo.mm in Sources */,
			);
			runOnlyForDeploymentPostprocessing = 0;
		};
/* End PBXSourcesBuildPhase section */

/* Begin XCBuildConfiguration section */
		35B4E2AF1CBF801800029275 /* Debug */ = {
			isa = XCBuildConfiguration;
			buildSettings = {
				ARCHS = "$(ARCHS_STANDARD_32_BIT)";
				CLANG_ENABLE_MODULES = YES;
				COPY_PHASE_STRIP = NO;
				EXCLUDED_RECURSIVE_SEARCH_PATH_SUBDIRECTORIES = "*.nib *.lproj *.gch (*) .DS_Store CVS .svn .git .hg *.xcodeproj *.xcode *.pbproj *.pbxproj";
				FRAMEWORK_SEARCH_PATHS = (
					"$(iOSOpenDevPath)/frameworks/**",
					"$(SDKROOT)/System/Library/PrivateFrameworks",
				);
				GCC_C_LANGUAGE_STANDARD = gnu99;
				GCC_DYNAMIC_NO_PIC = NO;
				GCC_OPTIMIZATION_LEVEL = 0;
				GCC_PREPROCESSOR_DEFINITIONS = (
					"DEBUG=1",
					"$(inherited)",
				);
				GCC_SYMBOLS_PRIVATE_EXTERN = NO;
				GCC_WARN_ABOUT_MISSING_PROTOTYPES = YES;
				GCC_WARN_ABOUT_RETURN_TYPE = YES;
				GCC_WARN_UNUSED_VARIABLE = YES;
				HEADER_SEARCH_PATHS = (
					"$(iOSOpenDevPath)/include/**",
					"/opt/theos/vendor/**",
					"/opt/theos/**",
					"/opt/theos/vendor/include/**",
					"/Users/jamy/works/wx/**",
				);
				IPHONEOS_DEPLOYMENT_TARGET = 7.1;
				LIBRARY_SEARCH_PATHS = "$(iOSOpenDevPath)/lib/**";
				ONLY_ACTIVE_ARCH = YES;
				SDKROOT = iphoneos;
				TARGETED_DEVICE_FAMILY = "1,2";
				THEOS = /opt/theos;
				THEOS_INSTANCE_NAME = wxtweak;
				VALIDATE_PRODUCT = NO;
				iOSOpenDevPath = /opt/iOSOpenDev;
			};
			name = Debug;
		};
		35B4E2B01CBF801800029275 /* Release */ = {
			isa = XCBuildConfiguration;
			buildSettings = {
				ARCHS = "$(ARCHS_STANDARD_32_BIT)";
				CLANG_ENABLE_MODULES = YES;
				COPY_PHASE_STRIP = YES;
				EXCLUDED_RECURSIVE_SEARCH_PATH_SUBDIRECTORIES = "*.nib *.lproj *.gch (*) .DS_Store CVS .svn .git .hg *.xcodeproj *.xcode *.pbproj *.pbxproj";
				FRAMEWORK_SEARCH_PATHS = (
					"$(iOSOpenDevPath)/frameworks/**",
					"$(SDKROOT)/System/Library/PrivateFrameworks",
				);
				GCC_C_LANGUAGE_STANDARD = gnu99;
				GCC_WARN_ABOUT_MISSING_PROTOTYPES = YES;
				GCC_WARN_ABOUT_RETURN_TYPE = YES;
				GCC_WARN_UNUSED_VARIABLE = YES;
				HEADER_SEARCH_PATHS = (
					"$(iOSOpenDevPath)/include/**",
					"/opt/theos/vendor/**",
					"/opt/theos/**",
					"/opt/theos/vendor/include/**",
					"/Users/jamy/works/wx/**",
				);
				IPHONEOS_DEPLOYMENT_TARGET = 7.1;
				LIBRARY_SEARCH_PATHS = "$(iOSOpenDevPath)/lib/**";
				SDKROOT = iphoneos;
				TARGETED_DEVICE_FAMILY = "1,2";
				THEOS = /opt/theos;
				THEOS_INSTANCE_NAME = wxtweak;
				VALIDATE_PRODUCT = YES;
				iOSOpenDevPath = /opt/iOSOpenDev;
			};
			name = Release;
		};
		35B4E2B21CBF801800029275 /* Debug */ = {
			isa = XCBuildConfiguration;
			buildSettings = {
				CODE_SIGN_IDENTITY = "";
				DYLIB_COMPATIBILITY_VERSION = 1;
				DYLIB_CURRENT_VERSION = 2;
				GCC_PRECOMPILE_PREFIX_HEADER = YES;
				GCC_PREFIX_HEADER = "wxtweak/wxtweak-Prefix.pch";
				HEADER_SEARCH_PATHS = (
					"$(iOSOpenDevPath)/include/**",
					"/opt/theos/**",
					"/opt/theos/vendor/include/**",
					"/opt/theos/vendor/**",
				);
				INSTALL_PATH = /Library/MobileSubstrate/DynamicLibraries;
				LIBRARY_SEARCH_PATHS = (
					"$(inherited)",
					/opt/iOSOpenDev/lib,
					"$(PROJECT_DIR)/wxtweak/Package/Library/MobileSubstrate/DynamicLibraries",
				);
				PRODUCT_NAME = "$(TARGET_NAME)";
				iOSOpenDevBuildPackageOnAnyBuild = NO;
				iOSOpenDevCopyOnBuild = NO;
				iOSOpenDevDevice = "";
				iOSOpenDevInstallOnAnyBuild = NO;
				iOSOpenDevInstallOnProfiling = YES;
				iOSOpenDevRespringOnInstall = YES;
				iOSOpenDevUsePackageVersionPList = YES;
			};
			name = Debug;
		};
		35B4E2B31CBF801800029275 /* Release */ = {
			isa = XCBuildConfiguration;
			buildSettings = {
				CODE_SIGN_IDENTITY = "";
				DYLIB_COMPATIBILITY_VERSION = 1;
				DYLIB_CURRENT_VERSION = 2;
				GCC_PRECOMPILE_PREFIX_HEADER = YES;
				GCC_PREFIX_HEADER = "wxtweak/wxtweak-Prefix.pch";
				HEADER_SEARCH_PATHS = (
					"$(iOSOpenDevPath)/include/**",
					"/opt/theos/**",
					"/opt/theos/vendor/include/**",
					"/opt/theos/vendor/**",
				);
				INSTALL_PATH = /Library/MobileSubstrate/DynamicLibraries;
				LIBRARY_SEARCH_PATHS = (
					"$(inherited)",
					/opt/iOSOpenDev/lib,
					"$(PROJECT_DIR)/wxtweak/Package/Library/MobileSubstrate/DynamicLibraries",
				);
				PRODUCT_NAME = "$(TARGET_NAME)";
				iOSOpenDevBuildPackageOnAnyBuild = NO;
				iOSOpenDevCopyOnBuild = NO;
				iOSOpenDevDevice = "";
				iOSOpenDevInstallOnAnyBuild = NO;
				iOSOpenDevInstallOnProfiling = YES;
				iOSOpenDevRespringOnInstall = YES;
				iOSOpenDevUsePackageVersionPList = YES;
			};
			name = Release;
		};
/* End XCBuildConfiguration section */

/* Begin XCConfigurationList section */
		35B4E2941CBF801800029275 /* Build configuration list for PBXProject "wxtweak" */ = {
			isa = XCConfigurationList;
			buildConfigurations = (
				35B4E2AF1CBF801800029275 /* Debug */,
				35B4E2B01CBF801800029275 /* Release */,
			);
			defaultConfigurationIsVisible = 0;
			defaultConfigurationName = Release;
		};
		35B4E2B11CBF801800029275 /* Build configuration list for PBXNativeTarget "wxtweak" */ = {
			isa = XCConfigurationList;
			buildConfigurations = (
				35B4E2B21CBF801800029275 /* Debug */,
				35B4E2B31CBF801800029275 /* Release */,
			);
			defaultConfigurationIsVisible = 0;
			defaultConfigurationName = Release;
		};
/* End XCConfigurationList section */
	};
	rootObject = 35B4E2911CBF801800029275 /* Project object */;
}
